
Microsoft Visual Studio Solution File, Format Version 12.00
# Visual Studio Version 16
VisualStudioVersion = 16.0.31515.178
MinimumVisualStudioVersion = 10.0.40219.1
Project("{FAE04EC0-301F-11D3-BF4B-00C04F79EFBC}") = "ReadFromFile", "ReadFromFile\ReadFromFile.csproj", "{6149E8E7-101D-47FF-A4C9-C1C8DF5A84DB}"
EndProject
Global
	GlobalSection(SolutionConfigurationPlatforms) = preSolution
		Debug|Any CPU = Debug|Any CPU
		Release|Any CPU = Release|Any CPU
	EndGlobalSection
	GlobalSection(ProjectConfigurationPlatforms) = postSolution
		{6149E8E7-101D-47FF-A4C9-C1C8DF5A84DB}.Debug|Any CPU.ActiveCfg = Debug|Any CPU
		{6149E8E7-101D-47FF-A4C9-C1C8DF5A84DB}.Debug|Any CPU.Build.0 = Debug|Any CPU
		{6149E8E7-101D-47FF-A4C9-C1C8DF5A84DB}.Release|Any CPU.ActiveCfg = Release|Any CPU
		{6149E8E7-101D-47FF-A4C9-C1C8DF5A84DB}.Release|Any CPU.Build.0 = Release|Any CPU
	EndGlobalSection
	GlobalSection(SolutionProperties) = preSolution
		HideSolutionNode = FALSE
	EndGlobalSection
	GlobalSection(ExtensibilityGlobals) = postSolution
		SolutionGuid = {16870F15-A318-4AE0-ADA6-EAD240DAA252}
	EndGlobalSection
EndGlobal
